
Microsoft Visual Studio Solution File, Format Version 12.00
# Visual Studio 15
VisualStudioVersion = 15.0.28307.1209
MinimumVisualStudioVersion = 10.0.40219.1
Project("{FAE04EC0-301F-11D3-BF4B-00C04F79EFBC}") = "ClothBazar.Web", "ClothBazar.Web\ClothBazar.Web.csproj", "{14A38AC4-D974-43C3-9FD6-5F1768A2413F}"
EndProject
Global
	GlobalSection(SolutionConfigurationPlatforms) = preSolution
		Debug|Any CPU = Debug|Any CPU
		Release|Any CPU = Release|Any CPU
	EndGlobalSection
	GlobalSection(ProjectConfigurationPlatforms) = postSolution
		{14A38AC4-D974-43C3-9FD6-5F1768A2413F}.Debug|Any CPU.ActiveCfg = Debug|Any CPU
		{14A38AC4-D974-43C3-9FD6-5F1768A2413F}.Debug|Any CPU.Build.0 = Debug|Any CPU
		{14A38AC4-D974-43C3-9FD6-5F1768A2413F}.Release|Any CPU.ActiveCfg = Release|Any CPU
		{14A38AC4-D974-43C3-9FD6-5F1768A2413F}.Release|Any CPU.Build.0 = Release|Any CPU
	EndGlobalSection
	GlobalSection(SolutionProperties) = preSolution
		HideSolutionNode = FALSE
	EndGlobalSection
	GlobalSection(ExtensibilityGlobals) = postSolution
		SolutionGuid = {AC8A093D-A129-461E-852C-6AE946CE4806}
	EndGlobalSection
EndGlobal
